
Microsoft Visual Studio Solution File, Format Version 12.00
# Visual Studio Version 17
VisualStudioVersion = 17.10.35013.160
MinimumVisualStudioVersion = 10.0.40219.1
Project("{FAE04EC0-301F-11D3-BF4B-00C04F79EFBC}") = "Assignment25", "Assignment25\Assignment25.csproj", "{77A34BAF-46AC-41FD-BF3D-5389325480D6}"
EndProject
Global
	GlobalSection(SolutionConfigurationPlatforms) = preSolution
		Debug|Any CPU = Debug|Any CPU
		Release|Any CPU = Release|Any CPU
	EndGlobalSection
	GlobalSection(ProjectConfigurationPlatforms) = postSolution
		{77A34BAF-46AC-41FD-BF3D-5389325480D6}.Debug|Any CPU.ActiveCfg = Debug|Any CPU
		{77A34BAF-46AC-41FD-BF3D-5389325480D6}.Debug|Any CPU.Build.0 = Debug|Any CPU
		{77A34BAF-46AC-41FD-BF3D-5389325480D6}.Release|Any CPU.ActiveCfg = Release|Any CPU
		{77A34BAF-46AC-41FD-BF3D-5389325480D6}.Release|Any CPU.Build.0 = Release|Any CPU
	EndGlobalSection
	GlobalSection(SolutionProperties) = preSolution
		HideSolutionNode = FALSE
	EndGlobalSection
	GlobalSection(ExtensibilityGlobals) = postSolution
		SolutionGuid = {4598220E-F5A3-4CCE-8639-C4D273CCF76A}
	EndGlobalSection
EndGlobal
